
Microsoft Visual Studio Solution File, Format Version 12.00
# Visual Studio Version 16
VisualStudioVersion = 16.0.31624.102
MinimumVisualStudioVersion = 10.0.40219.1
Project("{9A19103F-16F7-4668-BE54-9A1E7A4F7556}") = "PlatformService", "PlatformService\PlatformService.csproj", "{DE53249D-8863-413C-8A3B-96241BA98FE3}"
EndProject
Project("{2150E333-8FDC-42A3-9474-1A3956D46DE8}") = "Solution Items", "Solution Items", "{0D0159C0-2FD2-4482-9C8F-C77C888C0933}"
	ProjectSection(SolutionItems) = preProject
		Kubernetes\commands-depl.yaml = Kubernetes\commands-depl.yaml
		Kubernetes\ingress-srv.yaml = Kubernetes\ingress-srv.yaml
		Kubernetes\platforms-depl.yaml = Kubernetes\platforms-depl.yaml
		platforms-np-depl.yaml = platforms-np-depl.yaml
	EndProjectSection
EndProject
Project("{9A19103F-16F7-4668-BE54-9A1E7A4F7556}") = "CommandService", "CommandService\CommandService.csproj", "{DFF004DC-60C8-4309-AF94-C1210EE73E47}"
EndProject
Project("{2150E333-8FDC-42A3-9474-1A3956D46DE8}") = "Src", "Src", "{8B6D6A18-1A74-4988-9CE5-7715011E0F8A}"
EndProject
Project("{2150E333-8FDC-42A3-9474-1A3956D46DE8}") = "Commands", "Commands", "{3141981C-DEDD-4B72-A479-6EA2941ED915}"
EndProject
Project("{2150E333-8FDC-42A3-9474-1A3956D46DE8}") = "Platforms", "Platforms", "{5D7EF4E7-8FB1-4479-AF21-2213BC0D2E7B}"
EndProject
Project("{2150E333-8FDC-42A3-9474-1A3956D46DE8}") = "Tests", "Tests", "{2A80B656-C128-4C4E-89E4-BF4DABC609EE}"
EndProject
Global
	GlobalSection(SolutionConfigurationPlatforms) = preSolution
		Debug|Any CPU = Debug|Any CPU
		Release|Any CPU = Release|Any CPU
	EndGlobalSection
	GlobalSection(ProjectConfigurationPlatforms) = postSolution
		{DE53249D-8863-413C-8A3B-96241BA98FE3}.Debug|Any CPU.ActiveCfg = Debug|Any CPU
		{DE53249D-8863-413C-8A3B-96241BA98FE3}.Debug|Any CPU.Build.0 = Debug|Any CPU
		{DE53249D-8863-413C-8A3B-96241BA98FE3}.Release|Any CPU.ActiveCfg = Release|Any CPU
		{DE53249D-8863-413C-8A3B-96241BA98FE3}.Release|Any CPU.Build.0 = Release|Any CPU
		{DFF004DC-60C8-4309-AF94-C1210EE73E47}.Debug|Any CPU.ActiveCfg = Debug|Any CPU
		{DFF004DC-60C8-4309-AF94-C1210EE73E47}.Debug|Any CPU.Build.0 = Debug|Any CPU
		{DFF004DC-60C8-4309-AF94-C1210EE73E47}.Release|Any CPU.ActiveCfg = Release|Any CPU
		{DFF004DC-60C8-4309-AF94-C1210EE73E47}.Release|Any CPU.Build.0 = Release|Any CPU
	EndGlobalSection
	GlobalSection(SolutionProperties) = preSolution
		HideSolutionNode = FALSE
	EndGlobalSection
	GlobalSection(NestedProjects) = preSolution
		{DE53249D-8863-413C-8A3B-96241BA98FE3} = {5D7EF4E7-8FB1-4479-AF21-2213BC0D2E7B}
		{DFF004DC-60C8-4309-AF94-C1210EE73E47} = {3141981C-DEDD-4B72-A479-6EA2941ED915}
		{3141981C-DEDD-4B72-A479-6EA2941ED915} = {8B6D6A18-1A74-4988-9CE5-7715011E0F8A}
		{5D7EF4E7-8FB1-4479-AF21-2213BC0D2E7B} = {8B6D6A18-1A74-4988-9CE5-7715011E0F8A}
	EndGlobalSection
	GlobalSection(ExtensibilityGlobals) = postSolution
		SolutionGuid = {79EE0299-7117-4EE0-AA5B-3118E84FD325}
	EndGlobalSection
EndGlobal
